
Microsoft Visual Studio Solution File, Format Version 12.00
# Visual Studio Version 17
VisualStudioVersion = 17.0.31903.59
MinimumVisualStudioVersion = 10.0.40219.1
Project("{2150E333-8FDC-42A3-9474-1A3956D46DE8}") = "src", "src", "{92331237-F817-4CC5-B55B-0C4F995F51E3}"
	ProjectSection(SolutionItems) = preProject
		.editorconfig = .editorconfig
		.gitignore = .gitignore
		.gitattributes = .gitattributes
	EndProjectSection
EndProject
Project("{FAE04EC0-301F-11D3-BF4B-00C04F79EFBC}") = "Ferreteria.Api", "src\Ferreteria.Api\Ferreteria.Api.csproj", "{FE5D0BE2-CA62-4B87-A2EA-05EBB3A3178C}"
EndProject
Project("{FAE04EC0-301F-11D3-BF4B-00C04F79EFBC}") = "Ferreteria.Application", "src\Ferreteria.Application\Ferreteria.Application.csproj", "{F9B1471E-8C9C-4225-97A4-31000D7DEF92}"
EndProject
Project("{FAE04EC0-301F-11D3-BF4B-00C04F79EFBC}") = "Ferreteria.Infrastructure", "src\Ferreteria.Infrastructure\Ferreteria.Infrastructure.csproj", "{0E0F290A-D97C-4EEE-B1DC-15151ED94E7F}"
EndProject
Project("{FAE04EC0-301F-11D3-BF4B-00C04F79EFBC}") = "Ferreteria.Core", "src\Ferreteria.Core\Ferreteria.Core.csproj", "{0C413D25-49F1-4CDF-B2B1-D9D43EF7FD5D}"
EndProject
Global
	GlobalSection(SolutionConfigurationPlatforms) = preSolution
		Debug|Any CPU = Debug|Any CPU
		Release|Any CPU = Release|Any CPU
	EndGlobalSection
	GlobalSection(ProjectConfigurationPlatforms) = postSolution
		{FE5D0BE2-CA62-4B87-A2EA-05EBB3A3178C}.Debug|Any CPU.ActiveCfg = Debug|Any CPU
		{FE5D0BE2-CA62-4B87-A2EA-05EBB3A3178C}.Debug|Any CPU.Build.0 = Debug|Any CPU
		{FE5D0BE2-CA62-4B87-A2EA-05EBB3A3178C}.Release|Any CPU.ActiveCfg = Release|Any CPU
		{FE5D0BE2-CA62-4B87-A2EA-05EBB3A3178C}.Release|Any CPU.Build.0 = Release|Any CPU
		{F9B1471E-8C9C-4225-97A4-31000D7DEF92}.Debug|Any CPU.ActiveCfg = Debug|Any CPU
		{F9B1471E-8C9C-4225-97A4-31000D7DEF92}.Debug|Any CPU.Build.0 = Debug|Any CPU
		{F9B1471E-8C9C-4225-97A4-31000D7DEF92}.Release|Any CPU.ActiveCfg = Release|Any CPU
		{F9B1471E-8C9C-4225-97A4-31000D7DEF92}.Release|Any CPU.Build.0 = Release|Any CPU
		{0E0F290A-D97C-4EEE-B1DC-15151ED94E7F}.Debug|Any CPU.ActiveCfg = Debug|Any CPU
		{0E0F290A-D97C-4EEE-B1DC-15151ED94E7F}.Debug|Any CPU.Build.0 = Debug|Any CPU
		{0E0F290A-D97C-4EEE-B1DC-15151ED94E7F}.Release|Any CPU.ActiveCfg = Release|Any CPU
		{0E0F290A-D97C-4EEE-B1DC-15151ED94E7F}.Release|Any CPU.Build.0 = Release|Any CPU
		{0C413D25-49F1-4CDF-B2B1-D9D43EF7FD5D}.Debug|Any CPU.ActiveCfg = Debug|Any CPU
		{0C413D25-49F1-4CDF-B2B1-D9D43EF7FD5D}.Debug|Any CPU.Build.0 = Debug|Any CPU
		{0C413D25-49F1-4CDF-B2B1-D9D43EF7FD5D}.Release|Any CPU.ActiveCfg = Release|Any CPU
		{0C413D25-49F1-4CDF-B2B1-D9D43EF7FD5D}.Release|Any CPU.Build.0 = Release|Any CPU
	EndGlobalSection
	GlobalSection(SolutionProperties) = preSolution
		HideSolutionNode = FALSE
	EndGlobalSection
	GlobalSection(NestedProjects) = preSolution
		{FE5D0BE2-CA62-4B87-A2EA-05EBB3A3178C} = {92331237-F817-4CC5-B55B-0C4F995F51E3}
		{F9B1471E-8C9C-4225-97A4-31000D7DEF92} = {92331237-F817-4CC5-B55B-0C4F995F51E3}
		{0E0F290A-D97C-4EEE-B1DC-15151ED94E7F} = {92331237-F817-4CC5-B55B-0C4F995F51E3}
		{0C413D25-49F1-4CDF-B2B1-D9D43EF7FD5D} = {92331237-F817-4CC5-B55B-0C4F995F51E3}
	EndGlobalSection
EndGlobal
