
Microsoft Visual Studio Solution File, Format Version 12.00
# Visual Studio Version 17
VisualStudioVersion = 17.0.31903.59
MinimumVisualStudioVersion = 10.0.40219.1
Project("{FAE04EC0-301F-11D3-BF4B-00C04F79EFBC}") = "Ferreteria.Infrastructure", "Ferreteria.Infrastructure\Ferreteria.Infrastructure.csproj", "{8BABF9AE-D1F2-4AF6-A9C2-68AA24147EBD}"
EndProject
Project("{FAE04EC0-301F-11D3-BF4B-00C04F79EFBC}") = "Ferreteria.Api", "Ferreteria.Api\Ferreteria.Api.csproj", "{44626874-2B4F-414A-AB4A-B7C7EA853EC9}"
EndProject
Project("{FAE04EC0-301F-11D3-BF4B-00C04F79EFBC}") = "Ferreteria.Application", "Ferreteria.Application\Ferreteria.Application.csproj", "{0DF53C07-6F7E-422F-8F19-3E3F407C47D0}"
EndProject
Project("{FAE04EC0-301F-11D3-BF4B-00C04F79EFBC}") = "Ferreteria.Core", "Ferreteria.Core\Ferreteria.Core.csproj", "{2F11C6A7-A5E8-40ED-BF99-69998D5CCF02}"
EndProject
Global
	GlobalSection(SolutionConfigurationPlatforms) = preSolution
		Debug|Any CPU = Debug|Any CPU
		Release|Any CPU = Release|Any CPU
	EndGlobalSection
	GlobalSection(ProjectConfigurationPlatforms) = postSolution
		{8BABF9AE-D1F2-4AF6-A9C2-68AA24147EBD}.Debug|Any CPU.ActiveCfg = Debug|Any CPU
		{8BABF9AE-D1F2-4AF6-A9C2-68AA24147EBD}.Debug|Any CPU.Build.0 = Debug|Any CPU
		{8BABF9AE-D1F2-4AF6-A9C2-68AA24147EBD}.Release|Any CPU.ActiveCfg = Release|Any CPU
		{8BABF9AE-D1F2-4AF6-A9C2-68AA24147EBD}.Release|Any CPU.Build.0 = Release|Any CPU
		{44626874-2B4F-414A-AB4A-B7C7EA853EC9}.Debug|Any CPU.ActiveCfg = Debug|Any CPU
		{44626874-2B4F-414A-AB4A-B7C7EA853EC9}.Debug|Any CPU.Build.0 = Debug|Any CPU
		{44626874-2B4F-414A-AB4A-B7C7EA853EC9}.Release|Any CPU.ActiveCfg = Release|Any CPU
		{44626874-2B4F-414A-AB4A-B7C7EA853EC9}.Release|Any CPU.Build.0 = Release|Any CPU
		{0DF53C07-6F7E-422F-8F19-3E3F407C47D0}.Debug|Any CPU.ActiveCfg = Debug|Any CPU
		{0DF53C07-6F7E-422F-8F19-3E3F407C47D0}.Debug|Any CPU.Build.0 = Debug|Any CPU
		{0DF53C07-6F7E-422F-8F19-3E3F407C47D0}.Release|Any CPU.ActiveCfg = Release|Any CPU
		{0DF53C07-6F7E-422F-8F19-3E3F407C47D0}.Release|Any CPU.Build.0 = Release|Any CPU
		{2F11C6A7-A5E8-40ED-BF99-69998D5CCF02}.Debug|Any CPU.ActiveCfg = Debug|Any CPU
		{2F11C6A7-A5E8-40ED-BF99-69998D5CCF02}.Debug|Any CPU.Build.0 = Debug|Any CPU
		{2F11C6A7-A5E8-40ED-BF99-69998D5CCF02}.Release|Any CPU.ActiveCfg = Release|Any CPU
		{2F11C6A7-A5E8-40ED-BF99-69998D5CCF02}.Release|Any CPU.Build.0 = Release|Any CPU
	EndGlobalSection
	GlobalSection(SolutionProperties) = preSolution
		HideSolutionNode = FALSE
	EndGlobalSection
EndGlobal
